// !$*UTF8*$!
{
	archiveVersion = 1;
	classes = {
	};
	objectVersion = 55;
	objects = {

/* Begin PBXBuildFile section */
		357F27522899025200A4DAF1 /* FishingDiaryApp.swift in Sources */ = {isa = PBXBuildFile; fileRef = 357F27512899025200A4DAF1 /* FishingDiaryApp.swift */; };
		357F27542899025200A4DAF1 /* ContentView.swift in Sources */ = {isa = PBXBuildFile; fileRef = 357F27532899025200A4DAF1 /* ContentView.swift */; };
		357F27562899025A00A4DAF1 /* Assets.xcassets in Resources */ = {isa = PBXBuildFile; fileRef = 357F27552899025A00A4DAF1 /* Assets.xcassets */; };
		357F27592899025A00A4DAF1 /* Preview Assets.xcassets in Resources */ = {isa = PBXBuildFile; fileRef = 357F27582899025A00A4DAF1 /* Preview Assets.xcassets */; };
		357F275B2899025A00A4DAF1 /* Persistence.swift in Sources */ = {isa = PBXBuildFile; fileRef = 357F275A2899025A00A4DAF1 /* Persistence.swift */; };
		357F275E2899025A00A4DAF1 /* FishingDiary.xcdatamodeld in Sources */ = {isa = PBXBuildFile; fileRef = 357F275C2899025A00A4DAF1 /* FishingDiary.xcdatamodeld */; };
		357F276C2899071B00A4DAF1 /* Constant.swift in Sources */ = {isa = PBXBuildFile; fileRef = 357F276B2899071B00A4DAF1 /* Constant.swift */; };
		357F277028990D4D00A4DAF1 /* AddFishView.swift in Sources */ = {isa = PBXBuildFile; fileRef = 357F276F28990D4D00A4DAF1 /* AddFishView.swift */; };
		357F277228990F3100A4DAF1 /* FishDetailView.swift in Sources */ = {isa = PBXBuildFile; fileRef = 357F277128990F3100A4DAF1 /* FishDetailView.swift */; };
		357F27742899202800A4DAF1 /* ImagePicker.swift in Sources */ = {isa = PBXBuildFile; fileRef = 357F27732899202800A4DAF1 /* ImagePicker.swift */; };
/* End PBXBuildFile section */

/* Begin PBXFileReference section */
		357F274E2899025200A4DAF1 /* FishingDiary.app */ = {isa = PBXFileReference; explicitFileType = wrapper.application; includeInIndex = 0; path = FishingDiary.app; sourceTree = BUILT_PRODUCTS_DIR; };
		357F27512899025200A4DAF1 /* FishingDiaryApp.swift */ = {isa = PBXFileReference; lastKnownFileType = sourcecode.swift; path = FishingDiaryApp.swift; sourceTree = "<group>"; };
		357F27532899025200A4DAF1 /* ContentView.swift */ = {isa = PBXFileReference; lastKnownFileType = sourcecode.swift; path = ContentView.swift; sourceTree = "<group>"; };
		357F27552899025A00A4DAF1 /* Assets.xcassets */ = {isa = PBXFileReference; lastKnownFileType = folder.assetcatalog; path = Assets.xcassets; sourceTree = "<group>"; };
		357F27582899025A00A4DAF1 /* Preview Assets.xcassets */ = {isa = PBXFileReference; lastKnownFileType = folder.assetcatalog; path = "Preview Assets.xcassets"; sourceTree = "<group>"; };
		357F275A2899025A00A4DAF1 /* Persistence.swift */ = {isa = PBXFileReference; lastKnownFileType = sourcecode.swift; path = Persistence.swift; sourceTree = "<group>"; };
		357F275D2899025A00A4DAF1 /* FishingDiary.xcdatamodel */ = {isa = PBXFileReference; lastKnownFileType = wrapper.xcdatamodel; path = FishingDiary.xcdatamodel; sourceTree = "<group>"; };
		357F276B2899071B00A4DAF1 /* Constant.swift */ = {isa = PBXFileReference; lastKnownFileType = sourcecode.swift; path = Constant.swift; sourceTree = "<group>"; };
		357F276F28990D4D00A4DAF1 /* AddFishView.swift */ = {isa = PBXFileReference; lastKnownFileType = sourcecode.swift; path = AddFishView.swift; sourceTree = "<group>"; };
		357F277128990F3100A4DAF1 /* FishDetailView.swift */ = {isa = PBXFileReference; lastKnownFileType = sourcecode.swift; path = FishDetailView.swift; sourceTree = "<group>"; };
		357F27732899202800A4DAF1 /* ImagePicker.swift */ = {isa = PBXFileReference; lastKnownFileType = sourcecode.swift; path = ImagePicker.swift; sourceTree = "<group>"; };
/* End PBXFileReference section */

/* Begin PBXFrameworksBuildPhase section */
		357F274B2899025200A4DAF1 /* Frameworks */ = {
			isa = PBXFrameworksBuildPhase;
			buildActionMask = 2147483647;
			files = (
			);
			runOnlyForDeploymentPostprocessing = 0;
		};
/* End PBXFrameworksBuildPhase section */

/* Begin PBXGroup section */
		357F27452899025100A4DAF1 = {
			isa = PBXGroup;
			children = (
				357F27502899025200A4DAF1 /* FishingDiary */,
				357F274F2899025200A4DAF1 /* Products */,
			);
			sourceTree = "<group>";
		};
		357F274F2899025200A4DAF1 /* Products */ = {
			isa = PBXGroup;
			children = (
				357F274E2899025200A4DAF1 /* FishingDiary.app */,
			);
			name = Products;
			sourceTree = "<group>";
		};
		357F27502899025200A4DAF1 /* FishingDiary */ = {
			isa = PBXGroup;
			children = (
				357F276A2899070C00A4DAF1 /* Utility */,
				357F2765289902C500A4DAF1 /* View */,
				357F27642899027000A4DAF1 /* Model */,
				357F27512899025200A4DAF1 /* FishingDiaryApp.swift */,
				357F27552899025A00A4DAF1 /* Assets.xcassets */,
				357F27572899025A00A4DAF1 /* Preview Content */,
			);
			path = FishingDiary;
			sourceTree = "<group>";
		};
		357F27572899025A00A4DAF1 /* Preview Content */ = {
			isa = PBXGroup;
			children = (
				357F27582899025A00A4DAF1 /* Preview Assets.xcassets */,
			);
			path = "Preview Content";
			sourceTree = "<group>";
		};
		357F27642899027000A4DAF1 /* Model */ = {
			isa = PBXGroup;
			children = (
				357F275A2899025A00A4DAF1 /* Persistence.swift */,
				357F275C2899025A00A4DAF1 /* FishingDiary.xcdatamodeld */,
			);
			path = Model;
			sourceTree = "<group>";
		};
		357F2765289902C500A4DAF1 /* View */ = {
			isa = PBXGroup;
			children = (
				357F27532899025200A4DAF1 /* ContentView.swift */,
				357F276F28990D4D00A4DAF1 /* AddFishView.swift */,
				357F277128990F3100A4DAF1 /* FishDetailView.swift */,
			);
			path = View;
			sourceTree = "<group>";
		};
		357F276A2899070C00A4DAF1 /* Utility */ = {
			isa = PBXGroup;
			children = (
				357F276B2899071B00A4DAF1 /* Constant.swift */,
				357F27732899202800A4DAF1 /* ImagePicker.swift */,
			);
			path = Utility;
			sourceTree = "<group>";
		};
/* End PBXGroup section */

/* Begin PBXNativeTarget section */
		357F274D2899025200A4DAF1 /* FishingDiary */ = {
			isa = PBXNativeTarget;
			buildConfigurationList = 357F27612899025A00A4DAF1 /* Build configuration list for PBXNativeTarget "FishingDiary" */;
			buildPhases = (
				357F274A2899025200A4DAF1 /* Sources */,
				357F274B2899025200A4DAF1 /* Frameworks */,
				357F274C2899025200A4DAF1 /* Resources */,
			);
			buildRules = (
			);
			dependencies = (
			);
			name = FishingDiary;
			productName = FishingDiary;
			productReference = 357F274E2899025200A4DAF1 /* FishingDiary.app */;
			productType = "com.apple.product-type.application";
		};
/* End PBXNativeTarget section */

/* Begin PBXProject section */
		357F27462899025100A4DAF1 /* Project object */ = {
			isa = PBXProject;
			attributes = {
				BuildIndependentTargetsInParallel = 1;
				LastSwiftUpdateCheck = 1340;
				LastUpgradeCheck = 1340;
				TargetAttributes = {
					357F274D2899025200A4DAF1 = {
						CreatedOnToolsVersion = 13.4.1;
					};
				};
			};
			buildConfigurationList = 357F27492899025100A4DAF1 /* Build configuration list for PBXProject "FishingDiary" */;
			compatibilityVersion = "Xcode 13.0";
			developmentRegion = en;
			hasScannedForEncodings = 0;
			knownRegions = (
				en,
				Base,
			);
			mainGroup = 357F27452899025100A4DAF1;
			productRefGroup = 357F274F2899025200A4DAF1 /* Products */;
			projectDirPath = "";
			projectRoot = "";
			targets = (
				357F274D2899025200A4DAF1 /* FishingDiary */,
			);
		};
/* End PBXProject section */

/* Begin PBXResourcesBuildPhase section */
		357F274C2899025200A4DAF1 /* Resources */ = {
			isa = PBXResourcesBuildPhase;
			buildActionMask = 2147483647;
			files = (
				357F27592899025A00A4DAF1 /* Preview Assets.xcassets in Resources */,
				357F27562899025A00A4DAF1 /* Assets.xcassets in Resources */,
			);
			runOnlyForDeploymentPostprocessing = 0;
		};
/* End PBXResourcesBuildPhase section */

/* Begin PBXSourcesBuildPhase section */
		357F274A2899025200A4DAF1 /* Sources */ = {
			isa = PBXSourcesBuildPhase;
			buildActionMask = 2147483647;
			files = (
				357F275B2899025A00A4DAF1 /* Persistence.swift in Sources */,
				357F27542899025200A4DAF1 /* ContentView.swift in Sources */,
				357F277028990D4D00A4DAF1 /* AddFishView.swift in Sources */,
				357F276C2899071B00A4DAF1 /* Constant.swift in Sources */,
				357F275E2899025A00A4DAF1 /* FishingDiary.xcdatamodeld in Sources */,
				357F27742899202800A4DAF1 /* ImagePicker.swift in Sources */,
				357F27522899025200A4DAF1 /* FishingDiaryApp.swift in Sources */,
				357F277228990F3100A4DAF1 /* FishDetailView.swift in Sources */,
			);
			runOnlyForDeploymentPostprocessing = 0;
		};
/* End PBXSourcesBuildPhase section */

/* Begin XCBuildConfiguration section */
		357F275F2899025A00A4DAF1 /* Debug */ = {
			isa = XCBuildConfiguration;
			buildSettings = {
				ALWAYS_SEARCH_USER_PATHS = NO;
				CLANG_ANALYZER_NONNULL = YES;
				CLANG_ANALYZER_NUMBER_OBJECT_CONVERSION = YES_AGGRESSIVE;
				CLANG_CXX_LANGUAGE_STANDARD = "gnu++17";
				CLANG_ENABLE_MODULES = YES;
				CLANG_ENABLE_OBJC_ARC = YES;
				CLANG_ENABLE_OBJC_WEAK = YES;
				CLANG_WARN_BLOCK_CAPTURE_AUTORELEASING = YES;
				CLANG_WARN_BOOL_CONVERSION = YES;
				CLANG_WARN_COMMA = YES;
				CLANG_WARN_CONSTANT_CONVERSION = YES;
				CLANG_WARN_DEPRECATED_OBJC_IMPLEMENTATIONS = YES;
				CLANG_WARN_DIRECT_OBJC_ISA_USAGE = YES_ERROR;
				CLANG_WARN_DOCUMENTATION_COMMENTS = YES;
				CLANG_WARN_EMPTY_BODY = YES;
				CLANG_WARN_ENUM_CONVERSION = YES;
				CLANG_WARN_INFINITE_RECURSION = YES;
				CLANG_WARN_INT_CONVERSION = YES;
				CLANG_WARN_NON_LITERAL_NULL_CONVERSION = YES;
				CLANG_WARN_OBJC_IMPLICIT_RETAIN_SELF = YES;
				CLANG_WARN_OBJC_LITERAL_CONVERSION = YES;
				CLANG_WARN_OBJC_ROOT_CLASS = YES_ERROR;
				CLANG_WARN_QUOTED_INCLUDE_IN_FRAMEWORK_HEADER = YES;
				CLANG_WARN_RANGE_LOOP_ANALYSIS = YES;
				CLANG_WARN_STRICT_PROTOTYPES = YES;
				CLANG_WARN_SUSPICIOUS_MOVE = YES;
				CLANG_WARN_UNGUARDED_AVAILABILITY = YES_AGGRESSIVE;
				CLANG_WARN_UNREACHABLE_CODE = YES;
				CLANG_WARN__DUPLICATE_METHOD_MATCH = YES;
				COPY_PHASE_STRIP = NO;
				DEBUG_INFORMATION_FORMAT = dwarf;
				ENABLE_STRICT_OBJC_MSGSEND = YES;
				ENABLE_TESTABILITY = YES;
				GCC_C_LANGUAGE_STANDARD = gnu11;
				GCC_DYNAMIC_NO_PIC = NO;
				GCC_NO_COMMON_BLOCKS = YES;
				GCC_OPTIMIZATION_LEVEL = 0;
				GCC_PREPROCESSOR_DEFINITIONS = (
					"DEBUG=1",
					"$(inherited)",
				);
				GCC_WARN_64_TO_32_BIT_CONVERSION = YES;
				GCC_WARN_ABOUT_RETURN_TYPE = YES_ERROR;
				GCC_WARN_UNDECLARED_SELECTOR = YES;
				GCC_WARN_UNINITIALIZED_AUTOS = YES_AGGRESSIVE;
				GCC_WARN_UNUSED_FUNCTION = YES;
				GCC_WARN_UNUSED_VARIABLE = YES;
				IPHONEOS_DEPLOYMENT_TARGET = 15.5;
				MTL_ENABLE_DEBUG_INFO = INCLUDE_SOURCE;
				MTL_FAST_MATH = YES;
				ONLY_ACTIVE_ARCH = YES;
				SDKROOT = iphoneos;
				SWIFT_ACTIVE_COMPILATION_CONDITIONS = DEBUG;
				SWIFT_OPTIMIZATION_LEVEL = "-Onone";
			};
			name = Debug;
		};
		357F27602899025A00A4DAF1 /* Release */ = {
			isa = XCBuildConfiguration;
			buildSettings = {
				ALWAYS_SEARCH_USER_PATHS = NO;
				CLANG_ANALYZER_NONNULL = YES;
				CLANG_ANALYZER_NUMBER_OBJECT_CONVERSION = YES_AGGRESSIVE;
				CLANG_CXX_LANGUAGE_STANDARD = "gnu++17";
				CLANG_ENABLE_MODULES = YES;
				CLANG_ENABLE_OBJC_ARC = YES;
				CLANG_ENABLE_OBJC_WEAK = YES;
				CLANG_WARN_BLOCK_CAPTURE_AUTORELEASING = YES;
				CLANG_WARN_BOOL_CONVERSION = YES;
				CLANG_WARN_COMMA = YES;
				CLANG_WARN_CONSTANT_CONVERSION = YES;
				CLANG_WARN_DEPRECATED_OBJC_IMPLEMENTATIONS = YES;
				CLANG_WARN_DIRECT_OBJC_ISA_USAGE = YES_ERROR;
				CLANG_WARN_DOCUMENTATION_COMMENTS = YES;
				CLANG_WARN_EMPTY_BODY = YES;
				CLANG_WARN_ENUM_CONVERSION = YES;
				CLANG_WARN_INFINITE_RECURSION = YES;
				CLANG_WARN_INT_CONVERSION = YES;
				CLANG_WARN_NON_LITERAL_NULL_CONVERSION = YES;
				CLANG_WARN_OBJC_IMPLICIT_RETAIN_SELF = YES;
				CLANG_WARN_OBJC_LITERAL_CONVERSION = YES;
				CLANG_WARN_OBJC_ROOT_CLASS = YES_ERROR;
				CLANG_WARN_QUOTED_INCLUDE_IN_FRAMEWORK_HEADER = YES;
				CLANG_WARN_RANGE_LOOP_ANALYSIS = YES;
				CLANG_WARN_STRICT_PROTOTYPES = YES;
				CLANG_WARN_SUSPICIOUS_MOVE = YES;
				CLANG_WARN_UNGUARDED_AVAILABILITY = YES_AGGRESSIVE;
				CLANG_WARN_UNREACHABLE_CODE = YES;
				CLANG_WARN__DUPLICATE_METHOD_MATCH = YES;
				COPY_PHASE_STRIP = NO;
				DEBUG_INFORMATION_FORMAT = "dwarf-with-dsym";
				ENABLE_NS_ASSERTIONS = NO;
				ENABLE_STRICT_OBJC_MSGSEND = YES;
				GCC_C_LANGUAGE_STANDARD = gnu11;
				GCC_NO_COMMON_BLOCKS = YES;
				GCC_WARN_64_TO_32_BIT_CONVERSION = YES;
				GCC_WARN_ABOUT_RETURN_TYPE = YES_ERROR;
				GCC_WARN_UNDECLARED_SELECTOR = YES;
				GCC_WARN_UNINITIALIZED_AUTOS = YES_AGGRESSIVE;
				GCC_WARN_UNUSED_FUNCTION = YES;
				GCC_WARN_UNUSED_VARIABLE = YES;
				IPHONEOS_DEPLOYMENT_TARGET = 15.5;
				MTL_ENABLE_DEBUG_INFO = NO;
				MTL_FAST_MATH = YES;
				SDKROOT = iphoneos;
				SWIFT_COMPILATION_MODE = wholemodule;
				SWIFT_OPTIMIZATION_LEVEL = "-O";
				VALIDATE_PRODUCT = YES;
			};
			name = Release;
		};
		357F27622899025A00A4DAF1 /* Debug */ = {
			isa = XCBuildConfiguration;
			buildSettings = {
				ASSETCATALOG_COMPILER_APPICON_NAME = AppIcon;
				ASSETCATALOG_COMPILER_GLOBAL_ACCENT_COLOR_NAME = AccentColor;
				CODE_SIGN_STYLE = Automatic;
				CURRENT_PROJECT_VERSION = 1;
				DEVELOPMENT_ASSET_PATHS = "\"FishingDiary/Preview Content\"";
				DEVELOPMENT_TEAM = GATBYX743P;
				ENABLE_PREVIEWS = YES;
				GENERATE_INFOPLIST_FILE = YES;
				INFOPLIST_KEY_NSCameraUsageDescription = "FishingDiary requires access to your phone’s camera.";
				INFOPLIST_KEY_UIApplicationSceneManifest_Generation = YES;
				INFOPLIST_KEY_UIApplicationSupportsIndirectInputEvents = YES;
				INFOPLIST_KEY_UILaunchScreen_Generation = YES;
				INFOPLIST_KEY_UISupportedInterfaceOrientations = UIInterfaceOrientationPortrait;
				INFOPLIST_KEY_UISupportedInterfaceOrientations_iPad = "UIInterfaceOrientationPortrait UIInterfaceOrientationPortraitUpsideDown UIInterfaceOrientationLandscapeLeft UIInterfaceOrientationLandscapeRight";
				INFOPLIST_KEY_UISupportedInterfaceOrientations_iPhone = "UIInterfaceOrientationPortrait UIInterfaceOrientationLandscapeLeft UIInterfaceOrientationLandscapeRight";
				LD_RUNPATH_SEARCH_PATHS = (
					"$(inherited)",
					"@executable_path/Frameworks",
				);
				MARKETING_VERSION = 1.0;
				PRODUCT_BUNDLE_IDENTIFIER = com.nordicprograms.FishingDiary;
				PRODUCT_NAME = "$(TARGET_NAME)";
				SWIFT_EMIT_LOC_STRINGS = YES;
				SWIFT_VERSION = 5.0;
				TARGETED_DEVICE_FAMILY = "1,2";
			};
			name = Debug;
		};
		357F27632899025A00A4DAF1 /* Release */ = {
			isa = XCBuildConfiguration;
			buildSettings = {
				ASSETCATALOG_COMPILER_APPICON_NAME = AppIcon;
				ASSETCATALOG_COMPILER_GLOBAL_ACCENT_COLOR_NAME = AccentColor;
				CODE_SIGN_STYLE = Automatic;
				CURRENT_PROJECT_VERSION = 1;
				DEVELOPMENT_ASSET_PATHS = "\"FishingDiary/Preview Content\"";
				DEVELOPMENT_TEAM = GATBYX743P;
				ENABLE_PREVIEWS = YES;
				GENERATE_INFOPLIST_FILE = YES;
				INFOPLIST_KEY_NSCameraUsageDescription = "FishingDiary requires access to your phone’s camera.";
				INFOPLIST_KEY_UIApplicationSceneManifest_Generation = YES;
				INFOPLIST_KEY_UIApplicationSupportsIndirectInputEvents = YES;
				INFOPLIST_KEY_UILaunchScreen_Generation = YES;
				INFOPLIST_KEY_UISupportedInterfaceOrientations = UIInterfaceOrientationPortrait;
				INFOPLIST_KEY_UISupportedInterfaceOrientations_iPad = "UIInterfaceOrientationPortrait UIInterfaceOrientationPortraitUpsideDown UIInterfaceOrientationLandscapeLeft UIInterfaceOrientationLandscapeRight";
				INFOPLIST_KEY_UISupportedInterfaceOrientations_iPhone = "UIInterfaceOrientationPortrait UIInterfaceOrientationLandscapeLeft UIInterfaceOrientationLandscapeRight";
				LD_RUNPATH_SEARCH_PATHS = (
					"$(inherited)",
					"@executable_path/Frameworks",
				);
				MARKETING_VERSION = 1.0;
				PRODUCT_BUNDLE_IDENTIFIER = com.nordicprograms.FishingDiary;
				PRODUCT_NAME = "$(TARGET_NAME)";
				SWIFT_EMIT_LOC_STRINGS = YES;
				SWIFT_VERSION = 5.0;
				TARGETED_DEVICE_FAMILY = "1,2";
			};
			name = Release;
		};
/* End XCBuildConfiguration section */

/* Begin XCConfigurationList section */
		357F27492899025100A4DAF1 /* Build configuration list for PBXProject "FishingDiary" */ = {
			isa = XCConfigurationList;
			buildConfigurations = (
				357F275F2899025A00A4DAF1 /* Debug */,
				357F27602899025A00A4DAF1 /* Release */,
			);
			defaultConfigurationIsVisible = 0;
			defaultConfigurationName = Release;
		};
		357F27612899025A00A4DAF1 /* Build configuration list for PBXNativeTarget "FishingDiary" */ = {
			isa = XCConfigurationList;
			buildConfigurations = (
				357F27622899025A00A4DAF1 /* Debug */,
				357F27632899025A00A4DAF1 /* Release */,
			);
			defaultConfigurationIsVisible = 0;
			defaultConfigurationName = Release;
		};
/* End XCConfigurationList section */

/* Begin XCVersionGroup section */
		357F275C2899025A00A4DAF1 /* FishingDiary.xcdatamodeld */ = {
			isa = XCVersionGroup;
			children = (
				357F275D2899025A00A4DAF1 /* FishingDiary.xcdatamodel */,
			);
			currentVersion = 357F275D2899025A00A4DAF1 /* FishingDiary.xcdatamodel */;
			path = FishingDiary.xcdatamodeld;
			sourceTree = "<group>";
			versionGroupType = wrapper.xcdatamodel;
		};
/* End XCVersionGroup section */
	};
	rootObject = 357F27462899025100A4DAF1 /* Project object */;
}
